// !$*UTF8*$!
{
	archiveVersion = 1;
	classes = {
	};
	objectVersion = 70;
	objects = {

/* Begin PBXBuildFile section */
		DF16EC872F7E5F7D00EE20C5 /* TurboNavigator in Frameworks */ = {isa = PBXBuildFile; productRef = DF16EC862F7E5F7D00EE20C5 /* TurboNavigator */; };
		DF1FD5B92DD4D08B00D57F58 /* GoogleMobileAds in Frameworks */ = {isa = PBXBuildFile; productRef = DF1FD5B82DD4D08B00D57F58 /* GoogleMobileAds */; };
		DF4CD40C2D3A2D0800A9251D /* .gitignore in Resources */ = {isa = PBXBuildFile; fileRef = DF4CD40B2D3A2D0800A9251D /* .gitignore */; };
		DF6CBA0F2F7ED24F0096B7DE /* .editorConfig in Resources */ = {isa = PBXBuildFile; fileRef = DF6CBA0E2F7ED24F0096B7DE /* .editorConfig */; };
		DFA616E72DB8A1DA0004A063 /* ScaleKit in Frameworks */ = {isa = PBXBuildFile; productRef = DFA616E62DB8A1DA0004A063 /* ScaleKit */; };
		DFD1082A2DD50E7B003F4DD5 /* Config.xcconfig in Resources */ = {isa = PBXBuildFile; fileRef = DFD108292DD50E7B003F4DD5 /* Config.xcconfig */; };
		DFD31FE02D3617600076DD16 /* Assets.xcassets in Resources */ = {isa = PBXBuildFile; fileRef = DFD31FDF2D3617600076DD16 /* Assets.xcassets */; };
		DFD31FE32D3617600076DD16 /* Preview Assets.xcassets in Resources */ = {isa = PBXBuildFile; fileRef = DFD31FE22D3617600076DD16 /* Preview Assets.xcassets */; };
		DFEFED2D2D38FAE300F18B90 /* GoogleService-Info.plist in Resources */ = {isa = PBXBuildFile; fileRef = DFEFED2C2D38FAE300F18B90 /* GoogleService-Info.plist */; };
		DFEFED432D38FF8200F18B90 /* FirebaseAuth in Frameworks */ = {isa = PBXBuildFile; productRef = DFEFED422D38FF8200F18B90 /* FirebaseAuth */; };
		DFEFED452D38FF8200F18B90 /* FirebaseCore in Frameworks */ = {isa = PBXBuildFile; productRef = DFEFED442D38FF8200F18B90 /* FirebaseCore */; };
		DFEFED472D38FF8200F18B90 /* FirebaseDatabase in Frameworks */ = {isa = PBXBuildFile; productRef = DFEFED462D38FF8200F18B90 /* FirebaseDatabase */; };
		DFEFED4A2D38FF9400F18B90 /* GoogleSignIn in Frameworks */ = {isa = PBXBuildFile; productRef = DFEFED492D38FF9400F18B90 /* GoogleSignIn */; };
		DFEFED4C2D38FF9400F18B90 /* GoogleSignInSwift in Frameworks */ = {isa = PBXBuildFile; productRef = DFEFED4B2D38FF9400F18B90 /* GoogleSignInSwift */; };
/* End PBXBuildFile section */

/* Begin PBXFileReference section */
		DF2834C32D3A6B79009AF58A /* CodeLounge.entitlements */ = {isa = PBXFileReference; lastKnownFileType = text.plist.entitlements; path = CodeLounge.entitlements; sourceTree = "<group>"; };
		DF4CD40B2D3A2D0800A9251D /* .gitignore */ = {isa = PBXFileReference; lastKnownFileType = text; path = .gitignore; sourceTree = "<group>"; };
		DF6CBA0E2F7ED24F0096B7DE /* .editorConfig */ = {isa = PBXFileReference; lastKnownFileType = text; path = .editorConfig; sourceTree = "<group>"; };
		DFD108292DD50E7B003F4DD5 /* Config.xcconfig */ = {isa = PBXFileReference; lastKnownFileType = text.xcconfig; path = Config.xcconfig; sourceTree = "<group>"; };
		DFD31FD82D36175F0076DD16 /* CodeLounge.app */ = {isa = PBXFileReference; explicitFileType = wrapper.application; includeInIndex = 0; path = CodeLounge.app; sourceTree = BUILT_PRODUCTS_DIR; };
		DFD31FDF2D3617600076DD16 /* Assets.xcassets */ = {isa = PBXFileReference; lastKnownFileType = folder.assetcatalog; path = Assets.xcassets; sourceTree = "<group>"; };
		DFD31FE22D3617600076DD16 /* Preview Assets.xcassets */ = {isa = PBXFileReference; lastKnownFileType = folder.assetcatalog; path = "Preview Assets.xcassets"; sourceTree = "<group>"; };
		DFEFED2C2D38FAE300F18B90 /* GoogleService-Info.plist */ = {isa = PBXFileReference; fileEncoding = 4; lastKnownFileType = text.plist.xml; path = "GoogleService-Info.plist"; sourceTree = "<group>"; };
		DFEFED2E2D38FB0000F18B90 /* Info.plist */ = {isa = PBXFileReference; lastKnownFileType = text.plist.xml; path = Info.plist; sourceTree = "<group>"; };
		DFFAC7C02D3A46DA008C69F6 /* README.md */ = {isa = PBXFileReference; lastKnownFileType = net.daringfireball.markdown; path = README.md; sourceTree = "<group>"; };
/* End PBXFileReference section */

/* Begin PBXFileSystemSynchronizedRootGroup section */
		DF6CBA092F7ECF350096B7DE /* Extensions+ */ = {isa = PBXFileSystemSynchronizedRootGroup; explicitFileTypes = {}; explicitFolders = (); path = "Extensions+"; sourceTree = "<group>"; };
		DF99D8F32F7ED48100334221 /* General */ = {isa = PBXFileSystemSynchronizedRootGroup; explicitFileTypes = {}; explicitFolders = (); path = General; sourceTree = "<group>"; };
		DF99DADE2F7EDDC000334221 /* View */ = {isa = PBXFileSystemSynchronizedRootGroup; explicitFileTypes = {}; explicitFolders = (); path = View; sourceTree = "<group>"; };
		DF99DAE62F7EDE1100334221 /* App */ = {isa = PBXFileSystemSynchronizedRootGroup; explicitFileTypes = {}; explicitFolders = (); path = App; sourceTree = "<group>"; };
		DFF1E4ED2F7F7F5500792F72 /* DesignSystem */ = {isa = PBXFileSystemSynchronizedRootGroup; explicitFileTypes = {}; explicitFolders = (); path = DesignSystem; sourceTree = "<group>"; };
		DFF1E6D92F7F909E00792F72 /* Repository */ = {isa = PBXFileSystemSynchronizedRootGroup; explicitFileTypes = {}; explicitFolders = (); path = Repository; sourceTree = "<group>"; };
		DFF1E6DF2F7F910600792F72 /* Model */ = {isa = PBXFileSystemSynchronizedRootGroup; explicitFileTypes = {}; explicitFolders = (); path = Model; sourceTree = "<group>"; };
		DFF1E6E42F7F997000792F72 /* Service */ = {isa = PBXFileSystemSynchronizedRootGroup; explicitFileTypes = {}; explicitFolders = (); path = Service; sourceTree = "<group>"; };
/* End PBXFileSystemSynchronizedRootGroup section */

/* Begin PBXFrameworksBuildPhase section */
		DFD31FD52D36175F0076DD16 /* Frameworks */ = {
			isa = PBXFrameworksBuildPhase;
			buildActionMask = 2147483647;
			files = (
				DFEFED4C2D38FF9400F18B90 /* GoogleSignInSwift in Frameworks */,
				DFEFED472D38FF8200F18B90 /* FirebaseDatabase in Frameworks */,
				DFA616E72DB8A1DA0004A063 /* ScaleKit in Frameworks */,
				DFEFED4A2D38FF9400F18B90 /* GoogleSignIn in Frameworks */,
				DFEFED452D38FF8200F18B90 /* FirebaseCore in Frameworks */,
				DF16EC872F7E5F7D00EE20C5 /* TurboNavigator in Frameworks */,
				DFEFED432D38FF8200F18B90 /* FirebaseAuth in Frameworks */,
				DF1FD5B92DD4D08B00D57F58 /* GoogleMobileAds in Frameworks */,
			);
			runOnlyForDeploymentPostprocessing = 0;
		};
/* End PBXFrameworksBuildPhase section */

/* Begin PBXGroup section */
		DFD31FCF2D36175F0076DD16 = {
			isa = PBXGroup;
			children = (
				DFFAC7C02D3A46DA008C69F6 /* README.md */,
				DF4CD40B2D3A2D0800A9251D /* .gitignore */,
				DFD108292DD50E7B003F4DD5 /* Config.xcconfig */,
				DF6CBA0E2F7ED24F0096B7DE /* .editorConfig */,
				DFD31FDA2D36175F0076DD16 /* CodeLounge */,
				DFD31FD92D36175F0076DD16 /* Products */,
			);
			sourceTree = "<group>";
		};
		DFD31FD92D36175F0076DD16 /* Products */ = {
			isa = PBXGroup;
			children = (
				DFD31FD82D36175F0076DD16 /* CodeLounge.app */,
			);
			name = Products;
			sourceTree = "<group>";
		};
		DFD31FDA2D36175F0076DD16 /* CodeLounge */ = {
			isa = PBXGroup;
			children = (
				DFF1E6E42F7F997000792F72 /* Service */,
				DFF1E6DF2F7F910600792F72 /* Model */,
				DFF1E6D92F7F909E00792F72 /* Repository */,
				DFF1E4ED2F7F7F5500792F72 /* DesignSystem */,
				DF99DAE62F7EDE1100334221 /* App */,
				DF99D8F32F7ED48100334221 /* General */,
				DF6CBA092F7ECF350096B7DE /* Extensions+ */,
				DF2834C32D3A6B79009AF58A /* CodeLounge.entitlements */,
				DF99DADE2F7EDDC000334221 /* View */,
				DFEFED2C2D38FAE300F18B90 /* GoogleService-Info.plist */,
				DFEFED2E2D38FB0000F18B90 /* Info.plist */,
				DFD31FE12D3617600076DD16 /* Preview Content */,
				DFEFED3D2D38FDB800F18B90 /* Resources */,
			);
			path = CodeLounge;
			sourceTree = "<group>";
		};
		DFD31FE12D3617600076DD16 /* Preview Content */ = {
			isa = PBXGroup;
			children = (
				DFD31FE22D3617600076DD16 /* Preview Assets.xcassets */,
			);
			path = "Preview Content";
			sourceTree = "<group>";
		};
		DFEFED3D2D38FDB800F18B90 /* Resources */ = {
			isa = PBXGroup;
			children = (
				DFD31FDF2D3617600076DD16 /* Assets.xcassets */,
			);
			path = Resources;
			sourceTree = "<group>";
		};
/* End PBXGroup section */

/* Begin PBXNativeTarget section */
		DFD31FD72D36175F0076DD16 /* CodeLounge */ = {
			isa = PBXNativeTarget;
			buildConfigurationList = DFD31FE62D3617600076DD16 /* Build configuration list for PBXNativeTarget "CodeLounge" */;
			buildPhases = (
				DFD31FD42D36175F0076DD16 /* Sources */,
				DFD31FD52D36175F0076DD16 /* Frameworks */,
				DFD31FD62D36175F0076DD16 /* Resources */,
			);
			buildRules = (
			);
			dependencies = (
			);
			fileSystemSynchronizedGroups = (
				DF6CBA092F7ECF350096B7DE /* Extensions+ */,
				DF99D8F32F7ED48100334221 /* General */,
				DF99DADE2F7EDDC000334221 /* View */,
				DF99DAE62F7EDE1100334221 /* App */,
				DFF1E4ED2F7F7F5500792F72 /* DesignSystem */,
				DFF1E6D92F7F909E00792F72 /* Repository */,
				DFF1E6DF2F7F910600792F72 /* Model */,
				DFF1E6E42F7F997000792F72 /* Service */,
			);
			name = CodeLounge;
			packageProductDependencies = (
				DFEFED422D38FF8200F18B90 /* FirebaseAuth */,
				DFEFED442D38FF8200F18B90 /* FirebaseCore */,
				DFEFED462D38FF8200F18B90 /* FirebaseDatabase */,
				DFEFED492D38FF9400F18B90 /* GoogleSignIn */,
				DFEFED4B2D38FF9400F18B90 /* GoogleSignInSwift */,
				DFA616E62DB8A1DA0004A063 /* ScaleKit */,
				DF1FD5B82DD4D08B00D57F58 /* GoogleMobileAds */,
				DF16EC862F7E5F7D00EE20C5 /* TurboNavigator */,
			);
			productName = CodeLounge;
			productReference = DFD31FD82D36175F0076DD16 /* CodeLounge.app */;
			productType = "com.apple.product-type.application";
		};
/* End PBXNativeTarget section */

/* Begin PBXProject section */
		DFD31FD02D36175F0076DD16 /* Project object */ = {
			isa = PBXProject;
			attributes = {
				BuildIndependentTargetsInParallel = 1;
				LastSwiftUpdateCheck = 1540;
				LastUpgradeCheck = 1640;
				TargetAttributes = {
					DFD31FD72D36175F0076DD16 = {
						CreatedOnToolsVersion = 15.4;
					};
				};
			};
			buildConfigurationList = DFD31FD32D36175F0076DD16 /* Build configuration list for PBXProject "CodeLounge" */;
			compatibilityVersion = "Xcode 14.0";
			developmentRegion = en;
			hasScannedForEncodings = 0;
			knownRegions = (
				en,
				Base,
			);
			mainGroup = DFD31FCF2D36175F0076DD16;
			packageReferences = (
				DFEFED412D38FF8200F18B90 /* XCRemoteSwiftPackageReference "firebase-ios-sdk" */,
				DFEFED482D38FF9400F18B90 /* XCRemoteSwiftPackageReference "GoogleSignIn-iOS" */,
				DFA616E52DB8A1DA0004A063 /* XCRemoteSwiftPackageReference "ScaleKit" */,
				DF1FD5B72DD4D08B00D57F58 /* XCRemoteSwiftPackageReference "swift-package-manager-google-mobile-ads" */,
				DF16EC852F7E5F7D00EE20C5 /* XCRemoteSwiftPackageReference "TurboNavigator" */,
			);
			productRefGroup = DFD31FD92D36175F0076DD16 /* Products */;
			projectDirPath = "";
			projectRoot = "";
			targets = (
				DFD31FD72D36175F0076DD16 /* CodeLounge */,
			);
		};
/* End PBXProject section */

/* Begin PBXResourcesBuildPhase section */
		DFD31FD62D36175F0076DD16 /* Resources */ = {
			isa = PBXResourcesBuildPhase;
			buildActionMask = 2147483647;
			files = (
				DF4CD40C2D3A2D0800A9251D /* .gitignore in Resources */,
				DFD1082A2DD50E7B003F4DD5 /* Config.xcconfig in Resources */,
				DF6CBA0F2F7ED24F0096B7DE /* .editorConfig in Resources */,
				DFD31FE32D3617600076DD16 /* Preview Assets.xcassets in Resources */,
				DFEFED2D2D38FAE300F18B90 /* GoogleService-Info.plist in Resources */,
				DFD31FE02D3617600076DD16 /* Assets.xcassets in Resources */,
			);
			runOnlyForDeploymentPostprocessing = 0;
		};
/* End PBXResourcesBuildPhase section */

/* Begin PBXSourcesBuildPhase section */
		DFD31FD42D36175F0076DD16 /* Sources */ = {
			isa = PBXSourcesBuildPhase;
			buildActionMask = 2147483647;
			files = (
			);
			runOnlyForDeploymentPostprocessing = 0;
		};
/* End PBXSourcesBuildPhase section */

/* Begin XCBuildConfiguration section */
		DFD31FE42D3617600076DD16 /* Debug */ = {
			isa = XCBuildConfiguration;
			baseConfigurationReference = DFD108292DD50E7B003F4DD5 /* Config.xcconfig */;
			buildSettings = {
				ALWAYS_SEARCH_USER_PATHS = NO;
				ASSETCATALOG_COMPILER_GENERATE_SWIFT_ASSET_SYMBOL_EXTENSIONS = YES;
				CLANG_ANALYZER_NONNULL = YES;
				CLANG_ANALYZER_NUMBER_OBJECT_CONVERSION = YES_AGGRESSIVE;
				CLANG_CXX_LANGUAGE_STANDARD = "gnu++20";
				CLANG_ENABLE_MODULES = YES;
				CLANG_ENABLE_OBJC_ARC = YES;
				CLANG_ENABLE_OBJC_WEAK = YES;
				CLANG_WARN_BLOCK_CAPTURE_AUTORELEASING = YES;
				CLANG_WARN_BOOL_CONVERSION = YES;
				CLANG_WARN_COMMA = YES;
				CLANG_WARN_CONSTANT_CONVERSION = YES;
				CLANG_WARN_DEPRECATED_OBJC_IMPLEMENTATIONS = YES;
				CLANG_WARN_DIRECT_OBJC_ISA_USAGE = YES_ERROR;
				CLANG_WARN_DOCUMENTATION_COMMENTS = YES;
				CLANG_WARN_EMPTY_BODY = YES;
				CLANG_WARN_ENUM_CONVERSION = YES;
				CLANG_WARN_INFINITE_RECURSION = YES;
				CLANG_WARN_INT_CONVERSION = YES;
				CLANG_WARN_NON_LITERAL_NULL_CONVERSION = YES;
				CLANG_WARN_OBJC_IMPLICIT_RETAIN_SELF = YES;
				CLANG_WARN_OBJC_LITERAL_CONVERSION = YES;
				CLANG_WARN_OBJC_ROOT_CLASS = YES_ERROR;
				CLANG_WARN_QUOTED_INCLUDE_IN_FRAMEWORK_HEADER = YES;
				CLANG_WARN_RANGE_LOOP_ANALYSIS = YES;
				CLANG_WARN_STRICT_PROTOTYPES = YES;
				CLANG_WARN_SUSPICIOUS_MOVE = YES;
				CLANG_WARN_UNGUARDED_AVAILABILITY = YES_AGGRESSIVE;
				CLANG_WARN_UNREACHABLE_CODE = YES;
				CLANG_WARN__DUPLICATE_METHOD_MATCH = YES;
				COPY_PHASE_STRIP = NO;
				DEBUG_INFORMATION_FORMAT = dwarf;
				ENABLE_STRICT_OBJC_MSGSEND = YES;
				ENABLE_TESTABILITY = YES;
				ENABLE_USER_SCRIPT_SANDBOXING = YES;
				GCC_C_LANGUAGE_STANDARD = gnu17;
				GCC_DYNAMIC_NO_PIC = NO;
				GCC_NO_COMMON_BLOCKS = YES;
				GCC_OPTIMIZATION_LEVEL = 0;
				GCC_PREPROCESSOR_DEFINITIONS = (
					"DEBUG=1",
					"$(inherited)",
				);
				GCC_WARN_64_TO_32_BIT_CONVERSION = YES;
				GCC_WARN_ABOUT_RETURN_TYPE = YES_ERROR;
				GCC_WARN_UNDECLARED_SELECTOR = YES;
				GCC_WARN_UNINITIALIZED_AUTOS = YES_AGGRESSIVE;
				GCC_WARN_UNUSED_FUNCTION = YES;
				GCC_WARN_UNUSED_VARIABLE = YES;
				IPHONEOS_DEPLOYMENT_TARGET = 17.5;
				LOCALIZATION_PREFERS_STRING_CATALOGS = YES;
				MTL_ENABLE_DEBUG_INFO = INCLUDE_SOURCE;
				MTL_FAST_MATH = YES;
				ONLY_ACTIVE_ARCH = YES;
				SDKROOT = iphoneos;
				SWIFT_ACTIVE_COMPILATION_CONDITIONS = "DEBUG $(inherited)";
				SWIFT_OPTIMIZATION_LEVEL = "-Onone";
			};
			name = Debug;
		};
		DFD31FE52D3617600076DD16 /* Release */ = {
			isa = XCBuildConfiguration;
			baseConfigurationReference = DFD108292DD50E7B003F4DD5 /* Config.xcconfig */;
			buildSettings = {
				ALWAYS_SEARCH_USER_PATHS = NO;
				ASSETCATALOG_COMPILER_GENERATE_SWIFT_ASSET_SYMBOL_EXTENSIONS = YES;
				CLANG_ANALYZER_NONNULL = YES;
				CLANG_ANALYZER_NUMBER_OBJECT_CONVERSION = YES_AGGRESSIVE;
				CLANG_CXX_LANGUAGE_STANDARD = "gnu++20";
				CLANG_ENABLE_MODULES = YES;
				CLANG_ENABLE_OBJC_ARC = YES;
				CLANG_ENABLE_OBJC_WEAK = YES;
				CLANG_WARN_BLOCK_CAPTURE_AUTORELEASING = YES;
				CLANG_WARN_BOOL_CONVERSION = YES;
				CLANG_WARN_COMMA = YES;
				CLANG_WARN_CONSTANT_CONVERSION = YES;
				CLANG_WARN_DEPRECATED_OBJC_IMPLEMENTATIONS = YES;
				CLANG_WARN_DIRECT_OBJC_ISA_USAGE = YES_ERROR;
				CLANG_WARN_DOCUMENTATION_COMMENTS = YES;
				CLANG_WARN_EMPTY_BODY = YES;
				CLANG_WARN_ENUM_CONVERSION = YES;
				CLANG_WARN_INFINITE_RECURSION = YES;
				CLANG_WARN_INT_CONVERSION = YES;
				CLANG_WARN_NON_LITERAL_NULL_CONVERSION = YES;
				CLANG_WARN_OBJC_IMPLICIT_RETAIN_SELF = YES;
				CLANG_WARN_OBJC_LITERAL_CONVERSION = YES;
				CLANG_WARN_OBJC_ROOT_CLASS = YES_ERROR;
				CLANG_WARN_QUOTED_INCLUDE_IN_FRAMEWORK_HEADER = YES;
				CLANG_WARN_RANGE_LOOP_ANALYSIS = YES;
				CLANG_WARN_STRICT_PROTOTYPES = YES;
				CLANG_WARN_SUSPICIOUS_MOVE = YES;
				CLANG_WARN_UNGUARDED_AVAILABILITY = YES_AGGRESSIVE;
				CLANG_WARN_UNREACHABLE_CODE = YES;
				CLANG_WARN__DUPLICATE_METHOD_MATCH = YES;
				COPY_PHASE_STRIP = NO;
				DEBUG_INFORMATION_FORMAT = "dwarf-with-dsym";
				ENABLE_NS_ASSERTIONS = NO;
				ENABLE_STRICT_OBJC_MSGSEND = YES;
				ENABLE_USER_SCRIPT_SANDBOXING = YES;
				GCC_C_LANGUAGE_STANDARD = gnu17;
				GCC_NO_COMMON_BLOCKS = YES;
				GCC_WARN_64_TO_32_BIT_CONVERSION = YES;
				GCC_WARN_ABOUT_RETURN_TYPE = YES_ERROR;
				GCC_WARN_UNDECLARED_SELECTOR = YES;
				GCC_WARN_UNINITIALIZED_AUTOS = YES_AGGRESSIVE;
				GCC_WARN_UNUSED_FUNCTION = YES;
				GCC_WARN_UNUSED_VARIABLE = YES;
				IPHONEOS_DEPLOYMENT_TARGET = 17.5;
				LOCALIZATION_PREFERS_STRING_CATALOGS = YES;
				MTL_ENABLE_DEBUG_INFO = NO;
				MTL_FAST_MATH = YES;
				SDKROOT = iphoneos;
				SWIFT_COMPILATION_MODE = wholemodule;
				VALIDATE_PRODUCT = YES;
			};
			name = Release;
		};
		DFD31FE72D3617600076DD16 /* Debug */ = {
			isa = XCBuildConfiguration;
			baseConfigurationReference = DFD108292DD50E7B003F4DD5 /* Config.xcconfig */;
			buildSettings = {
				ASSETCATALOG_COMPILER_APPICON_NAME = AppIcon;
				ASSETCATALOG_COMPILER_GLOBAL_ACCENT_COLOR_NAME = AccentColor;
				CODE_SIGN_ENTITLEMENTS = CodeLounge/CodeLounge.entitlements;
				CODE_SIGN_IDENTITY = "Apple Development";
				"CODE_SIGN_IDENTITY[sdk=iphoneos*]" = "iPhone Developer";
				CODE_SIGN_STYLE = Manual;
				CURRENT_PROJECT_VERSION = 11;
				DEVELOPMENT_ASSET_PATHS = "\"CodeLounge/Preview Content\"";
				DEVELOPMENT_TEAM = "";
				"DEVELOPMENT_TEAM[sdk=iphoneos*]" = LGX4B4WC66;
				ENABLE_PREVIEWS = YES;
				GENERATE_INFOPLIST_FILE = YES;
				INFOPLIST_FILE = CodeLounge/Info.plist;
				INFOPLIST_KEY_CFBundleDisplayName = "코드라운지";
				INFOPLIST_KEY_UIApplicationSceneManifest_Generation = YES;
				INFOPLIST_KEY_UIApplicationSupportsIndirectInputEvents = YES;
				INFOPLIST_KEY_UILaunchScreen_Generation = YES;
				INFOPLIST_KEY_UIRequiresFullScreen = YES;
				INFOPLIST_KEY_UIStatusBarStyle = "";
				INFOPLIST_KEY_UISupportedInterfaceOrientations = UIInterfaceOrientationPortrait;
				INFOPLIST_KEY_UIUserInterfaceStyle = Dark;
				IPHONEOS_DEPLOYMENT_TARGET = 17.0;
				LD_RUNPATH_SEARCH_PATHS = (
					"$(inherited)",
					"@executable_path/Frameworks",
				);
				MARKETING_VERSION = 1.0.6;
				PRODUCT_BUNDLE_IDENTIFIER = com.indextrown.CodeLounge;
				PRODUCT_NAME = "$(TARGET_NAME)";
				PROVISIONING_PROFILE_SPECIFIER = "";
				"PROVISIONING_PROFILE_SPECIFIER[sdk=iphoneos*]" = "match Development com.indextrown.CodeLounge";
				SUPPORTED_PLATFORMS = "iphoneos iphonesimulator";
				SUPPORTS_MACCATALYST = NO;
				SUPPORTS_MAC_DESIGNED_FOR_IPHONE_IPAD = NO;
				SUPPORTS_XR_DESIGNED_FOR_IPHONE_IPAD = NO;
				SWIFT_EMIT_LOC_STRINGS = YES;
				SWIFT_VERSION = 5.0;
				TARGETED_DEVICE_FAMILY = 1;
			};
			name = Debug;
		};
		DFD31FE82D3617600076DD16 /* Release */ = {
			isa = XCBuildConfiguration;
			baseConfigurationReference = DFD108292DD50E7B003F4DD5 /* Config.xcconfig */;
			buildSettings = {
				ASSETCATALOG_COMPILER_APPICON_NAME = AppIcon;
				ASSETCATALOG_COMPILER_GLOBAL_ACCENT_COLOR_NAME = AccentColor;
				CODE_SIGN_ENTITLEMENTS = CodeLounge/CodeLounge.entitlements;
				CODE_SIGN_IDENTITY = "Apple Development";
				"CODE_SIGN_IDENTITY[sdk=iphoneos*]" = "iPhone Developer";
				CODE_SIGN_STYLE = Manual;
				CURRENT_PROJECT_VERSION = 11;
				DEVELOPMENT_ASSET_PATHS = "\"CodeLounge/Preview Content\"";
				DEVELOPMENT_TEAM = "";
				"DEVELOPMENT_TEAM[sdk=iphoneos*]" = LGX4B4WC66;
				ENABLE_PREVIEWS = YES;
				GENERATE_INFOPLIST_FILE = YES;
				INFOPLIST_FILE = CodeLounge/Info.plist;
				INFOPLIST_KEY_CFBundleDisplayName = "코드라운지";
				INFOPLIST_KEY_UIApplicationSceneManifest_Generation = YES;
				INFOPLIST_KEY_UIApplicationSupportsIndirectInputEvents = YES;
				INFOPLIST_KEY_UILaunchScreen_Generation = YES;
				INFOPLIST_KEY_UIRequiresFullScreen = YES;
				INFOPLIST_KEY_UIStatusBarStyle = "";
				INFOPLIST_KEY_UISupportedInterfaceOrientations = UIInterfaceOrientationPortrait;
				INFOPLIST_KEY_UIUserInterfaceStyle = Dark;
				IPHONEOS_DEPLOYMENT_TARGET = 17.0;
				LD_RUNPATH_SEARCH_PATHS = (
					"$(inherited)",
					"@executable_path/Frameworks",
				);
				MARKETING_VERSION = 1.0.6;
				PRODUCT_BUNDLE_IDENTIFIER = com.indextrown.CodeLounge;
				PRODUCT_NAME = "$(TARGET_NAME)";
				PROVISIONING_PROFILE_SPECIFIER = "";
				"PROVISIONING_PROFILE_SPECIFIER[sdk=iphoneos*]" = "match Development com.indextrown.CodeLounge";
				SUPPORTED_PLATFORMS = "iphoneos iphonesimulator";
				SUPPORTS_MACCATALYST = NO;
				SUPPORTS_MAC_DESIGNED_FOR_IPHONE_IPAD = NO;
				SUPPORTS_XR_DESIGNED_FOR_IPHONE_IPAD = NO;
				SWIFT_EMIT_LOC_STRINGS = YES;
				SWIFT_VERSION = 5.0;
				TARGETED_DEVICE_FAMILY = 1;
			};
			name = Release;
		};
/* End XCBuildConfiguration section */

/* Begin XCConfigurationList section */
		DFD31FD32D36175F0076DD16 /* Build configuration list for PBXProject "CodeLounge" */ = {
			isa = XCConfigurationList;
			buildConfigurations = (
				DFD31FE42D3617600076DD16 /* Debug */,
				DFD31FE52D3617600076DD16 /* Release */,
			);
			defaultConfigurationIsVisible = 0;
			defaultConfigurationName = Release;
		};
		DFD31FE62D3617600076DD16 /* Build configuration list for PBXNativeTarget "CodeLounge" */ = {
			isa = XCConfigurationList;
			buildConfigurations = (
				DFD31FE72D3617600076DD16 /* Debug */,
				DFD31FE82D3617600076DD16 /* Release */,
			);
			defaultConfigurationIsVisible = 0;
			defaultConfigurationName = Release;
		};
/* End XCConfigurationList section */

/* Begin XCRemoteSwiftPackageReference section */
		DF16EC852F7E5F7D00EE20C5 /* XCRemoteSwiftPackageReference "TurboNavigator" */ = {
			isa = XCRemoteSwiftPackageReference;
			repositoryURL = "https://github.com/indextrown/TurboNavigator";
			requirement = {
				kind = upToNextMajorVersion;
				minimumVersion = 1.0.9;
			};
		};
		DF1FD5B72DD4D08B00D57F58 /* XCRemoteSwiftPackageReference "swift-package-manager-google-mobile-ads" */ = {
			isa = XCRemoteSwiftPackageReference;
			repositoryURL = "https://github.com/googleads/swift-package-manager-google-mobile-ads.git";
			requirement = {
				kind = upToNextMajorVersion;
				minimumVersion = 12.4.0;
			};
		};
		DFA616E52DB8A1DA0004A063 /* XCRemoteSwiftPackageReference "ScaleKit" */ = {
			isa = XCRemoteSwiftPackageReference;
			repositoryURL = "https://github.com/indextrown/ScaleKit";
			requirement = {
				kind = upToNextMajorVersion;
				minimumVersion = 1.1.1;
			};
		};
		DFEFED412D38FF8200F18B90 /* XCRemoteSwiftPackageReference "firebase-ios-sdk" */ = {
			isa = XCRemoteSwiftPackageReference;
			repositoryURL = "https://github.com/firebase/firebase-ios-sdk";
			requirement = {
				kind = upToNextMajorVersion;
				minimumVersion = 11.7.0;
			};
		};
		DFEFED482D38FF9400F18B90 /* XCRemoteSwiftPackageReference "GoogleSignIn-iOS" */ = {
			isa = XCRemoteSwiftPackageReference;
			repositoryURL = "https://github.com/google/GoogleSignIn-iOS";
			requirement = {
				kind = upToNextMajorVersion;
				minimumVersion = 8.0.0;
			};
		};
/* End XCRemoteSwiftPackageReference section */

/* Begin XCSwiftPackageProductDependency section */
		DF16EC862F7E5F7D00EE20C5 /* TurboNavigator */ = {
			isa = XCSwiftPackageProductDependency;
			package = DF16EC852F7E5F7D00EE20C5 /* XCRemoteSwiftPackageReference "TurboNavigator" */;
			productName = TurboNavigator;
		};
		DF1FD5B82DD4D08B00D57F58 /* GoogleMobileAds */ = {
			isa = XCSwiftPackageProductDependency;
			package = DF1FD5B72DD4D08B00D57F58 /* XCRemoteSwiftPackageReference "swift-package-manager-google-mobile-ads" */;
			productName = GoogleMobileAds;
		};
		DFA616E62DB8A1DA0004A063 /* ScaleKit */ = {
			isa = XCSwiftPackageProductDependency;
			package = DFA616E52DB8A1DA0004A063 /* XCRemoteSwiftPackageReference "ScaleKit" */;
			productName = ScaleKit;
		};
		DFEFED422D38FF8200F18B90 /* FirebaseAuth */ = {
			isa = XCSwiftPackageProductDependency;
			package = DFEFED412D38FF8200F18B90 /* XCRemoteSwiftPackageReference "firebase-ios-sdk" */;
			productName = FirebaseAuth;
		};
		DFEFED442D38FF8200F18B90 /* FirebaseCore */ = {
			isa = XCSwiftPackageProductDependency;
			package = DFEFED412D38FF8200F18B90 /* XCRemoteSwiftPackageReference "firebase-ios-sdk" */;
			productName = FirebaseCore;
		};
		DFEFED462D38FF8200F18B90 /* FirebaseDatabase */ = {
			isa = XCSwiftPackageProductDependency;
			package = DFEFED412D38FF8200F18B90 /* XCRemoteSwiftPackageReference "firebase-ios-sdk" */;
			productName = FirebaseDatabase;
		};
		DFEFED492D38FF9400F18B90 /* GoogleSignIn */ = {
			isa = XCSwiftPackageProductDependency;
			package = DFEFED482D38FF9400F18B90 /* XCRemoteSwiftPackageReference "GoogleSignIn-iOS" */;
			productName = GoogleSignIn;
		};
		DFEFED4B2D38FF9400F18B90 /* GoogleSignInSwift */ = {
			isa = XCSwiftPackageProductDependency;
			package = DFEFED482D38FF9400F18B90 /* XCRemoteSwiftPackageReference "GoogleSignIn-iOS" */;
			productName = GoogleSignInSwift;
		};
/* End XCSwiftPackageProductDependency section */
	};
	rootObject = DFD31FD02D36175F0076DD16 /* Project object */;
}
